
Microsoft Visual Studio Solution File, Format Version 12.00
# Visual Studio Version 16
VisualStudioVersion = 16.0.30002.166
MinimumVisualStudioVersion = 10.0.40219.1
Project("{9A19103F-16F7-4668-BE54-9A1E7A4F7556}") = "HagionSoft.TestDonkey.AWSLambda", "HagionSoft.TestDonkey.AWSLambda\HagionSoft.TestDonkey.AWSLambda.csproj", "{2F435F1D-BB79-457B-80B0-4095E04817BB}"
EndProject
Global
	GlobalSection(SolutionConfigurationPlatforms) = preSolution
		Debug|Any CPU = Debug|Any CPU
		Release|Any CPU = Release|Any CPU
	EndGlobalSection
	GlobalSection(ProjectConfigurationPlatforms) = postSolution
		{2F435F1D-BB79-457B-80B0-4095E04817BB}.Debug|Any CPU.ActiveCfg = Debug|Any CPU
		{2F435F1D-BB79-457B-80B0-4095E04817BB}.Debug|Any CPU.Build.0 = Debug|Any CPU
		{2F435F1D-BB79-457B-80B0-4095E04817BB}.Release|Any CPU.ActiveCfg = Release|Any CPU
		{2F435F1D-BB79-457B-80B0-4095E04817BB}.Release|Any CPU.Build.0 = Release|Any CPU
	EndGlobalSection
	GlobalSection(SolutionProperties) = preSolution
		HideSolutionNode = FALSE
	EndGlobalSection
	GlobalSection(ExtensibilityGlobals) = postSolution
		SolutionGuid = {174A9111-48E0-4F70-BE07-583922E48A4C}
	EndGlobalSection
EndGlobal
